
Microsoft Visual Studio Solution File, Format Version 12.00
# Visual Studio Version 17
VisualStudioVersion = 17.14.36518.9 d17.14
MinimumVisualStudioVersion = 10.0.40219.1
Project("{FAE04EC0-301F-11D3-BF4B-00C04F79EFBC}") = "FindJs", "FindJs\FindJs.csproj", "{55011568-F472-4D8F-95C2-8426485ECF0E}"
EndProject
Global
	GlobalSection(SolutionConfigurationPlatforms) = preSolution
		Debug|Any CPU = Debug|Any CPU
		Release|Any CPU = Release|Any CPU
	EndGlobalSection
	GlobalSection(ProjectConfigurationPlatforms) = postSolution
		{55011568-F472-4D8F-95C2-8426485ECF0E}.Debug|Any CPU.ActiveCfg = Debug|Any CPU
		{55011568-F472-4D8F-95C2-8426485ECF0E}.Debug|Any CPU.Build.0 = Debug|Any CPU
		{55011568-F472-4D8F-95C2-8426485ECF0E}.Release|Any CPU.ActiveCfg = Release|Any CPU
		{55011568-F472-4D8F-95C2-8426485ECF0E}.Release|Any CPU.Build.0 = Release|Any CPU
	EndGlobalSection
	GlobalSection(SolutionProperties) = preSolution
		HideSolutionNode = FALSE
	EndGlobalSection
	GlobalSection(ExtensibilityGlobals) = postSolution
		SolutionGuid = {AD1F76F6-4E2D-419F-9586-5D48D35D1D10}
	EndGlobalSection
EndGlobal
